// !$*UTF8*$!
{
	archiveVersion = 1;
	classes = {
	};
	objectVersion = 56;
	objects = {

/* Begin PBXBuildFile section */
		3DF1A4B22C8B745900D1D303 /* ViewExtension.swift in Sources */ = {isa = PBXBuildFile; fileRef = 3DF1A4B12C8B745900D1D303 /* ViewExtension.swift */; };
		EC2B85C52C840E1900E4A0C3 /* ResultView.swift in Sources */ = {isa = PBXBuildFile; fileRef = EC2B85C42C840E1900E4A0C3 /* ResultView.swift */; };
		EC2B85C72C84470D00E4A0C3 /* SwiftDataHandler.swift in Sources */ = {isa = PBXBuildFile; fileRef = EC2B85C62C84470D00E4A0C3 /* SwiftDataHandler.swift */; };
		EC2B85C92C8449C300E4A0C3 /* RecordView.swift in Sources */ = {isa = PBXBuildFile; fileRef = EC2B85C82C8449C300E4A0C3 /* RecordView.swift */; };
		EC4EA3022C27CF8E0004FB71 /* QuickCanvasApp.swift in Sources */ = {isa = PBXBuildFile; fileRef = EC4EA3012C27CF8E0004FB71 /* QuickCanvasApp.swift */; };
		EC4EA3042C27CF8E0004FB71 /* ContentView.swift in Sources */ = {isa = PBXBuildFile; fileRef = EC4EA3032C27CF8E0004FB71 /* ContentView.swift */; };
		EC4EA3062C27CF8F0004FB71 /* Assets.xcassets in Resources */ = {isa = PBXBuildFile; fileRef = EC4EA3052C27CF8F0004FB71 /* Assets.xcassets */; };
		EC4EA3092C27CF8F0004FB71 /* Preview Assets.xcassets in Resources */ = {isa = PBXBuildFile; fileRef = EC4EA3082C27CF8F0004FB71 /* Preview Assets.xcassets */; };
		EC4EA3102C27E3EF0004FB71 /* OdaiView.swift in Sources */ = {isa = PBXBuildFile; fileRef = EC4EA30F2C27E3EF0004FB71 /* OdaiView.swift */; };
		EC4EA3122C27F7130004FB71 /* PlayModeView.swift in Sources */ = {isa = PBXBuildFile; fileRef = EC4EA3112C27F7130004FB71 /* PlayModeView.swift */; };
		EC7147322C5F174B00845A38 /* CanvasView.swift in Sources */ = {isa = PBXBuildFile; fileRef = EC7147312C5F174B00845A38 /* CanvasView.swift */; };
		EC7A103C2C3A2CB400C149B0 /* PlayerView.swift in Sources */ = {isa = PBXBuildFile; fileRef = EC7A103B2C3A2CB400C149B0 /* PlayerView.swift */; };
		EC7A103E2C3A2D5000C149B0 /* OrderView.swift in Sources */ = {isa = PBXBuildFile; fileRef = EC7A103D2C3A2D5000C149B0 /* OrderView.swift */; };
		EC7A10402C3A3D5600C149B0 /* AnswerView.swift in Sources */ = {isa = PBXBuildFile; fileRef = EC7A103F2C3A3D5600C149B0 /* AnswerView.swift */; };
		EC7A10422C3A754900C149B0 /* DivideView.swift in Sources */ = {isa = PBXBuildFile; fileRef = EC7A10412C3A754900C149B0 /* DivideView.swift */; };
		EC8C88442C4CA3E1003B1038 /* ViewModel.swift in Sources */ = {isa = PBXBuildFile; fileRef = EC8C88432C4CA3E1003B1038 /* ViewModel.swift */; };
		ECB850C42C4CDD580003168A /* DrawView.swift in Sources */ = {isa = PBXBuildFile; fileRef = ECB850C32C4CDD580003168A /* DrawView.swift */; };
		ECB850C62C4CEB210003168A /* ShowView.swift in Sources */ = {isa = PBXBuildFile; fileRef = ECB850C52C4CEB210003168A /* ShowView.swift */; };
/* End PBXBuildFile section */

/* Begin PBXFileReference section */
		3DF1A4B12C8B745900D1D303 /* ViewExtension.swift */ = {isa = PBXFileReference; fileEncoding = 4; lastKnownFileType = sourcecode.swift; path = ViewExtension.swift; sourceTree = "<group>"; };
		EC2B85C42C840E1900E4A0C3 /* ResultView.swift */ = {isa = PBXFileReference; lastKnownFileType = sourcecode.swift; path = ResultView.swift; sourceTree = "<group>"; };
		EC2B85C62C84470D00E4A0C3 /* SwiftDataHandler.swift */ = {isa = PBXFileReference; fileEncoding = 4; lastKnownFileType = sourcecode.swift; path = SwiftDataHandler.swift; sourceTree = "<group>"; };
		EC2B85C82C8449C300E4A0C3 /* RecordView.swift */ = {isa = PBXFileReference; lastKnownFileType = sourcecode.swift; path = RecordView.swift; sourceTree = "<group>"; };
		EC4EA2FE2C27CF8E0004FB71 /* QuickCanvas.app */ = {isa = PBXFileReference; explicitFileType = wrapper.application; includeInIndex = 0; path = QuickCanvas.app; sourceTree = BUILT_PRODUCTS_DIR; };
		EC4EA3012C27CF8E0004FB71 /* QuickCanvasApp.swift */ = {isa = PBXFileReference; lastKnownFileType = sourcecode.swift; path = QuickCanvasApp.swift; sourceTree = "<group>"; };
		EC4EA3032C27CF8E0004FB71 /* ContentView.swift */ = {isa = PBXFileReference; lastKnownFileType = sourcecode.swift; path = ContentView.swift; sourceTree = "<group>"; };
		EC4EA3052C27CF8F0004FB71 /* Assets.xcassets */ = {isa = PBXFileReference; lastKnownFileType = folder.assetcatalog; path = Assets.xcassets; sourceTree = "<group>"; };
		EC4EA3082C27CF8F0004FB71 /* Preview Assets.xcassets */ = {isa = PBXFileReference; lastKnownFileType = folder.assetcatalog; path = "Preview Assets.xcassets"; sourceTree = "<group>"; };
		EC4EA30F2C27E3EF0004FB71 /* OdaiView.swift */ = {isa = PBXFileReference; lastKnownFileType = sourcecode.swift; path = OdaiView.swift; sourceTree = "<group>"; };
		EC4EA3112C27F7130004FB71 /* PlayModeView.swift */ = {isa = PBXFileReference; lastKnownFileType = sourcecode.swift; path = PlayModeView.swift; sourceTree = "<group>"; };
		EC7147312C5F174B00845A38 /* CanvasView.swift */ = {isa = PBXFileReference; lastKnownFileType = sourcecode.swift; path = CanvasView.swift; sourceTree = "<group>"; };
		EC7A103B2C3A2CB400C149B0 /* PlayerView.swift */ = {isa = PBXFileReference; lastKnownFileType = sourcecode.swift; path = PlayerView.swift; sourceTree = "<group>"; };
		EC7A103D2C3A2D5000C149B0 /* OrderView.swift */ = {isa = PBXFileReference; lastKnownFileType = sourcecode.swift; path = OrderView.swift; sourceTree = "<group>"; };
		EC7A103F2C3A3D5600C149B0 /* AnswerView.swift */ = {isa = PBXFileReference; lastKnownFileType = sourcecode.swift; path = AnswerView.swift; sourceTree = "<group>"; };
		EC7A10412C3A754900C149B0 /* DivideView.swift */ = {isa = PBXFileReference; lastKnownFileType = sourcecode.swift; path = DivideView.swift; sourceTree = "<group>"; };
		EC8C88432C4CA3E1003B1038 /* ViewModel.swift */ = {isa = PBXFileReference; lastKnownFileType = sourcecode.swift; path = ViewModel.swift; sourceTree = "<group>"; };
		ECB850C32C4CDD580003168A /* DrawView.swift */ = {isa = PBXFileReference; lastKnownFileType = sourcecode.swift; path = DrawView.swift; sourceTree = "<group>"; };
		ECB850C52C4CEB210003168A /* ShowView.swift */ = {isa = PBXFileReference; lastKnownFileType = sourcecode.swift; path = ShowView.swift; sourceTree = "<group>"; };
/* End PBXFileReference section */

/* Begin PBXFrameworksBuildPhase section */
		EC4EA2FB2C27CF8E0004FB71 /* Frameworks */ = {
			isa = PBXFrameworksBuildPhase;
			buildActionMask = 2147483647;
			files = (
			);
			runOnlyForDeploymentPostprocessing = 0;
		};
/* End PBXFrameworksBuildPhase section */

/* Begin PBXGroup section */
		EC4EA2F52C27CF8E0004FB71 = {
			isa = PBXGroup;
			children = (
				EC4EA3002C27CF8E0004FB71 /* QuickCanvas */,
				EC4EA2FF2C27CF8E0004FB71 /* Products */,
			);
			sourceTree = "<group>";
		};
		EC4EA2FF2C27CF8E0004FB71 /* Products */ = {
			isa = PBXGroup;
			children = (
				EC4EA2FE2C27CF8E0004FB71 /* QuickCanvas.app */,
			);
			name = Products;
			sourceTree = "<group>";
		};
		EC4EA3002C27CF8E0004FB71 /* QuickCanvas */ = {
			isa = PBXGroup;
			children = (
				EC4EA3012C27CF8E0004FB71 /* QuickCanvasApp.swift */,
				EC4EA3032C27CF8E0004FB71 /* ContentView.swift */,
				EC8C88432C4CA3E1003B1038 /* ViewModel.swift */,
				EC4EA3112C27F7130004FB71 /* PlayModeView.swift */,
				EC7A103B2C3A2CB400C149B0 /* PlayerView.swift */,
				EC7A10412C3A754900C149B0 /* DivideView.swift */,
				EC4EA30F2C27E3EF0004FB71 /* OdaiView.swift */,
				EC7A103D2C3A2D5000C149B0 /* OrderView.swift */,
				ECB850C32C4CDD580003168A /* DrawView.swift */,
				EC7147312C5F174B00845A38 /* CanvasView.swift */,
				ECB850C52C4CEB210003168A /* ShowView.swift */,
				EC7A103F2C3A3D5600C149B0 /* AnswerView.swift */,
				EC2B85C42C840E1900E4A0C3 /* ResultView.swift */,
				EC2B85C62C84470D00E4A0C3 /* SwiftDataHandler.swift */,
				EC2B85C82C8449C300E4A0C3 /* RecordView.swift */,
				3DF1A4B12C8B745900D1D303 /* ViewExtension.swift */,
				EC4EA3052C27CF8F0004FB71 /* Assets.xcassets */,
				EC4EA3072C27CF8F0004FB71 /* Preview Content */,
			);
			path = QuickCanvas;
			sourceTree = "<group>";
		};
		EC4EA3072C27CF8F0004FB71 /* Preview Content */ = {
			isa = PBXGroup;
			children = (
				EC4EA3082C27CF8F0004FB71 /* Preview Assets.xcassets */,
			);
			path = "Preview Content";
			sourceTree = "<group>";
		};
/* End PBXGroup section */

/* Begin PBXNativeTarget section */
		EC4EA2FD2C27CF8E0004FB71 /* QuickCanvas */ = {
			isa = PBXNativeTarget;
			buildConfigurationList = EC4EA30C2C27CF8F0004FB71 /* Build configuration list for PBXNativeTarget "QuickCanvas" */;
			buildPhases = (
				EC4EA2FA2C27CF8E0004FB71 /* Sources */,
				EC4EA2FB2C27CF8E0004FB71 /* Frameworks */,
				EC4EA2FC2C27CF8E0004FB71 /* Resources */,
			);
			buildRules = (
			);
			dependencies = (
			);
			name = QuickCanvas;
			productName = QuickCanvas;
			productReference = EC4EA2FE2C27CF8E0004FB71 /* QuickCanvas.app */;
			productType = "com.apple.product-type.application";
		};
/* End PBXNativeTarget section */

/* Begin PBXProject section */
		EC4EA2F62C27CF8E0004FB71 /* Project object */ = {
			isa = PBXProject;
			attributes = {
				BuildIndependentTargetsInParallel = 1;
				LastSwiftUpdateCheck = 1540;
				LastUpgradeCheck = 1540;
				TargetAttributes = {
					EC4EA2FD2C27CF8E0004FB71 = {
						CreatedOnToolsVersion = 15.4;
					};
				};
			};
			buildConfigurationList = EC4EA2F92C27CF8E0004FB71 /* Build configuration list for PBXProject "QuickCanvas" */;
			compatibilityVersion = "Xcode 14.0";
			developmentRegion = en;
			hasScannedForEncodings = 0;
			knownRegions = (
				en,
				Base,
			);
			mainGroup = EC4EA2F52C27CF8E0004FB71;
			productRefGroup = EC4EA2FF2C27CF8E0004FB71 /* Products */;
			projectDirPath = "";
			projectRoot = "";
			targets = (
				EC4EA2FD2C27CF8E0004FB71 /* QuickCanvas */,
			);
		};
/* End PBXProject section */

/* Begin PBXResourcesBuildPhase section */
		EC4EA2FC2C27CF8E0004FB71 /* Resources */ = {
			isa = PBXResourcesBuildPhase;
			buildActionMask = 2147483647;
			files = (
				EC4EA3092C27CF8F0004FB71 /* Preview Assets.xcassets in Resources */,
				EC4EA3062C27CF8F0004FB71 /* Assets.xcassets in Resources */,
			);
			runOnlyForDeploymentPostprocessing = 0;
		};
/* End PBXResourcesBuildPhase section */

/* Begin PBXSourcesBuildPhase section */
		EC4EA2FA2C27CF8E0004FB71 /* Sources */ = {
			isa = PBXSourcesBuildPhase;
			buildActionMask = 2147483647;
			files = (
				EC2B85C92C8449C300E4A0C3 /* RecordView.swift in Sources */,
				EC2B85C72C84470D00E4A0C3 /* SwiftDataHandler.swift in Sources */,
				EC4EA3102C27E3EF0004FB71 /* OdaiView.swift in Sources */,
				EC8C88442C4CA3E1003B1038 /* ViewModel.swift in Sources */,
				EC7147322C5F174B00845A38 /* CanvasView.swift in Sources */,
				EC4EA3042C27CF8E0004FB71 /* ContentView.swift in Sources */,
				3DF1A4B22C8B745900D1D303 /* ViewExtension.swift in Sources */,
				EC7A10402C3A3D5600C149B0 /* AnswerView.swift in Sources */,
				EC7A10422C3A754900C149B0 /* DivideView.swift in Sources */,
				EC4EA3022C27CF8E0004FB71 /* QuickCanvasApp.swift in Sources */,
				EC2B85C52C840E1900E4A0C3 /* ResultView.swift in Sources */,
				ECB850C42C4CDD580003168A /* DrawView.swift in Sources */,
				EC7A103E2C3A2D5000C149B0 /* OrderView.swift in Sources */,
				ECB850C62C4CEB210003168A /* ShowView.swift in Sources */,
				EC7A103C2C3A2CB400C149B0 /* PlayerView.swift in Sources */,
				EC4EA3122C27F7130004FB71 /* PlayModeView.swift in Sources */,
			);
			runOnlyForDeploymentPostprocessing = 0;
		};
/* End PBXSourcesBuildPhase section */

/* Begin XCBuildConfiguration section */
		EC4EA30A2C27CF8F0004FB71 /* Debug */ = {
			isa = XCBuildConfiguration;
			buildSettings = {
				ALWAYS_SEARCH_USER_PATHS = NO;
				ASSETCATALOG_COMPILER_GENERATE_SWIFT_ASSET_SYMBOL_EXTENSIONS = YES;
				CLANG_ANALYZER_NONNULL = YES;
				CLANG_ANALYZER_NUMBER_OBJECT_CONVERSION = YES_AGGRESSIVE;
				CLANG_CXX_LANGUAGE_STANDARD = "gnu++20";
				CLANG_ENABLE_MODULES = YES;
				CLANG_ENABLE_OBJC_ARC = YES;
				CLANG_ENABLE_OBJC_WEAK = YES;
				CLANG_WARN_BLOCK_CAPTURE_AUTORELEASING = YES;
				CLANG_WARN_BOOL_CONVERSION = YES;
				CLANG_WARN_COMMA = YES;
				CLANG_WARN_CONSTANT_CONVERSION = YES;
				CLANG_WARN_DEPRECATED_OBJC_IMPLEMENTATIONS = YES;
				CLANG_WARN_DIRECT_OBJC_ISA_USAGE = YES_ERROR;
				CLANG_WARN_DOCUMENTATION_COMMENTS = YES;
				CLANG_WARN_EMPTY_BODY = YES;
				CLANG_WARN_ENUM_CONVERSION = YES;
				CLANG_WARN_INFINITE_RECURSION = YES;
				CLANG_WARN_INT_CONVERSION = YES;
				CLANG_WARN_NON_LITERAL_NULL_CONVERSION = YES;
				CLANG_WARN_OBJC_IMPLICIT_RETAIN_SELF = YES;
				CLANG_WARN_OBJC_LITERAL_CONVERSION = YES;
				CLANG_WARN_OBJC_ROOT_CLASS = YES_ERROR;
				CLANG_WARN_QUOTED_INCLUDE_IN_FRAMEWORK_HEADER = YES;
				CLANG_WARN_RANGE_LOOP_ANALYSIS = YES;
				CLANG_WARN_STRICT_PROTOTYPES = YES;
				CLANG_WARN_SUSPICIOUS_MOVE = YES;
				CLANG_WARN_UNGUARDED_AVAILABILITY = YES_AGGRESSIVE;
				CLANG_WARN_UNREACHABLE_CODE = YES;
				CLANG_WARN__DUPLICATE_METHOD_MATCH = YES;
				COPY_PHASE_STRIP = NO;
				DEBUG_INFORMATION_FORMAT = dwarf;
				ENABLE_STRICT_OBJC_MSGSEND = YES;
				ENABLE_TESTABILITY = YES;
				ENABLE_USER_SCRIPT_SANDBOXING = YES;
				GCC_C_LANGUAGE_STANDARD = gnu17;
				GCC_DYNAMIC_NO_PIC = NO;
				GCC_NO_COMMON_BLOCKS = YES;
				GCC_OPTIMIZATION_LEVEL = 0;
				GCC_PREPROCESSOR_DEFINITIONS = (
					"DEBUG=1",
					"$(inherited)",
				);
				GCC_WARN_64_TO_32_BIT_CONVERSION = YES;
				GCC_WARN_ABOUT_RETURN_TYPE = YES_ERROR;
				GCC_WARN_UNDECLARED_SELECTOR = YES;
				GCC_WARN_UNINITIALIZED_AUTOS = YES_AGGRESSIVE;
				GCC_WARN_UNUSED_FUNCTION = YES;
				GCC_WARN_UNUSED_VARIABLE = YES;
				IPHONEOS_DEPLOYMENT_TARGET = 17.5;
				LOCALIZATION_PREFERS_STRING_CATALOGS = YES;
				MTL_ENABLE_DEBUG_INFO = INCLUDE_SOURCE;
				MTL_FAST_MATH = YES;
				ONLY_ACTIVE_ARCH = YES;
				SDKROOT = iphoneos;
				SWIFT_ACTIVE_COMPILATION_CONDITIONS = "DEBUG $(inherited)";
				SWIFT_OPTIMIZATION_LEVEL = "-Onone";
			};
			name = Debug;
		};
		EC4EA30B2C27CF8F0004FB71 /* Release */ = {
			isa = XCBuildConfiguration;
			buildSettings = {
				ALWAYS_SEARCH_USER_PATHS = NO;
				ASSETCATALOG_COMPILER_GENERATE_SWIFT_ASSET_SYMBOL_EXTENSIONS = YES;
				CLANG_ANALYZER_NONNULL = YES;
				CLANG_ANALYZER_NUMBER_OBJECT_CONVERSION = YES_AGGRESSIVE;
				CLANG_CXX_LANGUAGE_STANDARD = "gnu++20";
				CLANG_ENABLE_MODULES = YES;
				CLANG_ENABLE_OBJC_ARC = YES;
				CLANG_ENABLE_OBJC_WEAK = YES;
				CLANG_WARN_BLOCK_CAPTURE_AUTORELEASING = YES;
				CLANG_WARN_BOOL_CONVERSION = YES;
				CLANG_WARN_COMMA = YES;
				CLANG_WARN_CONSTANT_CONVERSION = YES;
				CLANG_WARN_DEPRECATED_OBJC_IMPLEMENTATIONS = YES;
				CLANG_WARN_DIRECT_OBJC_ISA_USAGE = YES_ERROR;
				CLANG_WARN_DOCUMENTATION_COMMENTS = YES;
				CLANG_WARN_EMPTY_BODY = YES;
				CLANG_WARN_ENUM_CONVERSION = YES;
				CLANG_WARN_INFINITE_RECURSION = YES;
				CLANG_WARN_INT_CONVERSION = YES;
				CLANG_WARN_NON_LITERAL_NULL_CONVERSION = YES;
				CLANG_WARN_OBJC_IMPLICIT_RETAIN_SELF = YES;
				CLANG_WARN_OBJC_LITERAL_CONVERSION = YES;
				CLANG_WARN_OBJC_ROOT_CLASS = YES_ERROR;
				CLANG_WARN_QUOTED_INCLUDE_IN_FRAMEWORK_HEADER = YES;
				CLANG_WARN_RANGE_LOOP_ANALYSIS = YES;
				CLANG_WARN_STRICT_PROTOTYPES = YES;
				CLANG_WARN_SUSPICIOUS_MOVE = YES;
				CLANG_WARN_UNGUARDED_AVAILABILITY = YES_AGGRESSIVE;
				CLANG_WARN_UNREACHABLE_CODE = YES;
				CLANG_WARN__DUPLICATE_METHOD_MATCH = YES;
				COPY_PHASE_STRIP = NO;
				DEBUG_INFORMATION_FORMAT = "dwarf-with-dsym";
				ENABLE_NS_ASSERTIONS = NO;
				ENABLE_STRICT_OBJC_MSGSEND = YES;
				ENABLE_USER_SCRIPT_SANDBOXING = YES;
				GCC_C_LANGUAGE_STANDARD = gnu17;
				GCC_NO_COMMON_BLOCKS = YES;
				GCC_WARN_64_TO_32_BIT_CONVERSION = YES;
				GCC_WARN_ABOUT_RETURN_TYPE = YES_ERROR;
				GCC_WARN_UNDECLARED_SELECTOR = YES;
				GCC_WARN_UNINITIALIZED_AUTOS = YES_AGGRESSIVE;
				GCC_WARN_UNUSED_FUNCTION = YES;
				GCC_WARN_UNUSED_VARIABLE = YES;
				IPHONEOS_DEPLOYMENT_TARGET = 17.5;
				LOCALIZATION_PREFERS_STRING_CATALOGS = YES;
				MTL_ENABLE_DEBUG_INFO = NO;
				MTL_FAST_MATH = YES;
				SDKROOT = iphoneos;
				SWIFT_COMPILATION_MODE = wholemodule;
				VALIDATE_PRODUCT = YES;
			};
			name = Release;
		};
		EC4EA30D2C27CF8F0004FB71 /* Debug */ = {
			isa = XCBuildConfiguration;
			buildSettings = {
				ASSETCATALOG_COMPILER_APPICON_NAME = AppIcon;
				ASSETCATALOG_COMPILER_GLOBAL_ACCENT_COLOR_NAME = AccentColor;
				CODE_SIGN_STYLE = Automatic;
				CURRENT_PROJECT_VERSION = 1;
				DEVELOPMENT_ASSET_PATHS = "\"QuickCanvas/Preview Content\"";
				DEVELOPMENT_TEAM = F4SWC3MZ4B;
				ENABLE_PREVIEWS = YES;
				GENERATE_INFOPLIST_FILE = YES;
				INFOPLIST_KEY_UIApplicationSceneManifest_Generation = YES;
				INFOPLIST_KEY_UIApplicationSupportsIndirectInputEvents = YES;
				INFOPLIST_KEY_UILaunchScreen_Generation = YES;
				INFOPLIST_KEY_UISupportedInterfaceOrientations = "UIInterfaceOrientationLandscapeLeft UIInterfaceOrientationLandscapeRight UIInterfaceOrientationPortrait";
				INFOPLIST_KEY_UISupportedInterfaceOrientations_iPad = "UIInterfaceOrientationLandscapeLeft UIInterfaceOrientationLandscapeRight";
				IPHONEOS_DEPLOYMENT_TARGET = 17.0;
				LD_RUNPATH_SEARCH_PATHS = (
					"$(inherited)",
					"@executable_path/Frameworks",
				);
				MARKETING_VERSION = 1.0;
				PRODUCT_BUNDLE_IDENTIFIER = app.masumizu.masumizu.quickCanvas;
				PRODUCT_NAME = "$(TARGET_NAME)";
				SUPPORTED_PLATFORMS = "iphoneos iphonesimulator";
				SUPPORTS_MACCATALYST = NO;
				SUPPORTS_MAC_DESIGNED_FOR_IPHONE_IPAD = NO;
				SUPPORTS_XR_DESIGNED_FOR_IPHONE_IPAD = NO;
				SWIFT_EMIT_LOC_STRINGS = YES;
				SWIFT_VERSION = 5.0;
				TARGETED_DEVICE_FAMILY = 2;
			};
			name = Debug;
		};
		EC4EA30E2C27CF8F0004FB71 /* Release */ = {
			isa = XCBuildConfiguration;
			buildSettings = {
				ASSETCATALOG_COMPILER_APPICON_NAME = AppIcon;
				ASSETCATALOG_COMPILER_GLOBAL_ACCENT_COLOR_NAME = AccentColor;
				CODE_SIGN_STYLE = Automatic;
				CURRENT_PROJECT_VERSION = 1;
				DEVELOPMENT_ASSET_PATHS = "\"QuickCanvas/Preview Content\"";
				DEVELOPMENT_TEAM = F4SWC3MZ4B;
				ENABLE_PREVIEWS = YES;
				GENERATE_INFOPLIST_FILE = YES;
				INFOPLIST_KEY_UIApplicationSceneManifest_Generation = YES;
				INFOPLIST_KEY_UIApplicationSupportsIndirectInputEvents = YES;
				INFOPLIST_KEY_UILaunchScreen_Generation = YES;
				INFOPLIST_KEY_UISupportedInterfaceOrientations = "UIInterfaceOrientationLandscapeLeft UIInterfaceOrientationLandscapeRight UIInterfaceOrientationPortrait";
				INFOPLIST_KEY_UISupportedInterfaceOrientations_iPad = "UIInterfaceOrientationLandscapeLeft UIInterfaceOrientationLandscapeRight";
				IPHONEOS_DEPLOYMENT_TARGET = 17.0;
				LD_RUNPATH_SEARCH_PATHS = (
					"$(inherited)",
					"@executable_path/Frameworks",
				);
				MARKETING_VERSION = 1.0;
				PRODUCT_BUNDLE_IDENTIFIER = app.masumizu.masumizu.quickCanvas;
				PRODUCT_NAME = "$(TARGET_NAME)";
				SUPPORTED_PLATFORMS = "iphoneos iphonesimulator";
				SUPPORTS_MACCATALYST = NO;
				SUPPORTS_MAC_DESIGNED_FOR_IPHONE_IPAD = NO;
				SUPPORTS_XR_DESIGNED_FOR_IPHONE_IPAD = NO;
				SWIFT_EMIT_LOC_STRINGS = YES;
				SWIFT_VERSION = 5.0;
				TARGETED_DEVICE_FAMILY = 2;
			};
			name = Release;
		};
/* End XCBuildConfiguration section */

/* Begin XCConfigurationList section */
		EC4EA2F92C27CF8E0004FB71 /* Build configuration list for PBXProject "QuickCanvas" */ = {
			isa = XCConfigurationList;
			buildConfigurations = (
				EC4EA30A2C27CF8F0004FB71 /* Debug */,
				EC4EA30B2C27CF8F0004FB71 /* Release */,
			);
			defaultConfigurationIsVisible = 0;
			defaultConfigurationName = Release;
		};
		EC4EA30C2C27CF8F0004FB71 /* Build configuration list for PBXNativeTarget "QuickCanvas" */ = {
			isa = XCConfigurationList;
			buildConfigurations = (
				EC4EA30D2C27CF8F0004FB71 /* Debug */,
				EC4EA30E2C27CF8F0004FB71 /* Release */,
			);
			defaultConfigurationIsVisible = 0;
			defaultConfigurationName = Release;
		};
/* End XCConfigurationList section */
	};
	rootObject = EC4EA2F62C27CF8E0004FB71 /* Project object */;
}
